
Microsoft Visual Studio Solution File, Format Version 12.00
Project("{FAE04EC0-301F-11D3-BF4B-00C04F79EFBC}") = "W11_CrazyMusicians", "W11_CrazyMusicians\W11_CrazyMusicians.csproj", "{BCDF08BA-64A0-4761-BA85-F07E25899847}"
EndProject
Global
	GlobalSection(SolutionConfigurationPlatforms) = preSolution
		Debug|Any CPU = Debug|Any CPU
		Release|Any CPU = Release|Any CPU
	EndGlobalSection
	GlobalSection(ProjectConfigurationPlatforms) = postSolution
		{BCDF08BA-64A0-4761-BA85-F07E25899847}.Debug|Any CPU.ActiveCfg = Debug|Any CPU
		{BCDF08BA-64A0-4761-BA85-F07E25899847}.Debug|Any CPU.Build.0 = Debug|Any CPU
		{BCDF08BA-64A0-4761-BA85-F07E25899847}.Release|Any CPU.ActiveCfg = Release|Any CPU
		{BCDF08BA-64A0-4761-BA85-F07E25899847}.Release|Any CPU.Build.0 = Release|Any CPU
	EndGlobalSection
EndGlobal
